
Microsoft Visual Studio Solution File, Format Version 12.00
# Visual Studio 2010 Express for Windows Phone
Project("{FAE04EC0-301F-11D3-BF4B-00C04F79EFBC}") = "Here", "Here\Here.csproj", "{D859F56B-186F-44FD-BB7C-66A5F16B5758}"
EndProject
Project("{FAE04EC0-301F-11D3-BF4B-00C04F79EFBC}") = "HereTask", "HereTask\HereTask.csproj", "{31E41924-AD58-4C5C-897E-0884EB2130CF}"
EndProject
Global
	GlobalSection(SolutionConfigurationPlatforms) = preSolution
		Debug|Any CPU = Debug|Any CPU
		Release|Any CPU = Release|Any CPU
	EndGlobalSection
	GlobalSection(ProjectConfigurationPlatforms) = postSolution
		{D859F56B-186F-44FD-BB7C-66A5F16B5758}.Debug|Any CPU.ActiveCfg = Debug|Any CPU
		{D859F56B-186F-44FD-BB7C-66A5F16B5758}.Debug|Any CPU.Build.0 = Debug|Any CPU
		{D859F56B-186F-44FD-BB7C-66A5F16B5758}.Debug|Any CPU.Deploy.0 = Debug|Any CPU
		{D859F56B-186F-44FD-BB7C-66A5F16B5758}.Release|Any CPU.ActiveCfg = Release|Any CPU
		{D859F56B-186F-44FD-BB7C-66A5F16B5758}.Release|Any CPU.Build.0 = Release|Any CPU
		{D859F56B-186F-44FD-BB7C-66A5F16B5758}.Release|Any CPU.Deploy.0 = Release|Any CPU
		{31E41924-AD58-4C5C-897E-0884EB2130CF}.Debug|Any CPU.ActiveCfg = Debug|Any CPU
		{31E41924-AD58-4C5C-897E-0884EB2130CF}.Debug|Any CPU.Build.0 = Debug|Any CPU
		{31E41924-AD58-4C5C-897E-0884EB2130CF}.Release|Any CPU.ActiveCfg = Release|Any CPU
		{31E41924-AD58-4C5C-897E-0884EB2130CF}.Release|Any CPU.Build.0 = Release|Any CPU
	EndGlobalSection
	GlobalSection(SolutionProperties) = preSolution
		HideSolutionNode = FALSE
	EndGlobalSection
EndGlobal
